
Microsoft Visual Studio Solution File, Format Version 12.00
# Visual Studio Version 17
VisualStudioVersion = 17.4.33213.308
MinimumVisualStudioVersion = 10.0.40219.1
Project("{FAE04EC0-301F-11D3-BF4B-00C04F79EFBC}") = "prime", "prime\prime.csproj", "{896EA940-ABAB-47BC-AC62-E6CA25C812EA}"
EndProject
Global
	GlobalSection(SolutionConfigurationPlatforms) = preSolution
		Debug|Any CPU = Debug|Any CPU
		Release|Any CPU = Release|Any CPU
	EndGlobalSection
	GlobalSection(ProjectConfigurationPlatforms) = postSolution
		{896EA940-ABAB-47BC-AC62-E6CA25C812EA}.Debug|Any CPU.ActiveCfg = Debug|Any CPU
		{896EA940-ABAB-47BC-AC62-E6CA25C812EA}.Debug|Any CPU.Build.0 = Debug|Any CPU
		{896EA940-ABAB-47BC-AC62-E6CA25C812EA}.Release|Any CPU.ActiveCfg = Release|Any CPU
		{896EA940-ABAB-47BC-AC62-E6CA25C812EA}.Release|Any CPU.Build.0 = Release|Any CPU
	EndGlobalSection
	GlobalSection(SolutionProperties) = preSolution
		HideSolutionNode = FALSE
	EndGlobalSection
	GlobalSection(ExtensibilityGlobals) = postSolution
		SolutionGuid = {46FC8FD3-A8DD-4A1A-9D96-5B80529D76E4}
	EndGlobalSection
EndGlobal
